
Microsoft Visual Studio Solution File, Format Version 12.00
# Visual Studio Version 17
VisualStudioVersion = 17.8.34316.72
MinimumVisualStudioVersion = 10.0.40219.1
Project("{FAE04EC0-301F-11D3-BF4B-00C04F79EFBC}") = "MeasurementsLib", "MeasurementsLib\MeasurementsLib.csproj", "{DF18B95A-34CD-4307-A4A8-7AFB1981EA7A}"
EndProject
Project("{FAE04EC0-301F-11D3-BF4B-00C04F79EFBC}") = "MeasurementsLibTests", "MeasurementsLibTests\MeasurementsLibTests.csproj", "{B21A7B62-5EEE-43B5-BF34-F951143E93C3}"
EndProject
Global
	GlobalSection(SolutionConfigurationPlatforms) = preSolution
		Debug|Any CPU = Debug|Any CPU
		Release|Any CPU = Release|Any CPU
	EndGlobalSection
	GlobalSection(ProjectConfigurationPlatforms) = postSolution
		{DF18B95A-34CD-4307-A4A8-7AFB1981EA7A}.Debug|Any CPU.ActiveCfg = Debug|Any CPU
		{DF18B95A-34CD-4307-A4A8-7AFB1981EA7A}.Debug|Any CPU.Build.0 = Debug|Any CPU
		{DF18B95A-34CD-4307-A4A8-7AFB1981EA7A}.Release|Any CPU.ActiveCfg = Release|Any CPU
		{DF18B95A-34CD-4307-A4A8-7AFB1981EA7A}.Release|Any CPU.Build.0 = Release|Any CPU
		{B21A7B62-5EEE-43B5-BF34-F951143E93C3}.Debug|Any CPU.ActiveCfg = Debug|Any CPU
		{B21A7B62-5EEE-43B5-BF34-F951143E93C3}.Debug|Any CPU.Build.0 = Debug|Any CPU
		{B21A7B62-5EEE-43B5-BF34-F951143E93C3}.Release|Any CPU.ActiveCfg = Release|Any CPU
		{B21A7B62-5EEE-43B5-BF34-F951143E93C3}.Release|Any CPU.Build.0 = Release|Any CPU
	EndGlobalSection
	GlobalSection(SolutionProperties) = preSolution
		HideSolutionNode = FALSE
	EndGlobalSection
	GlobalSection(ExtensibilityGlobals) = postSolution
		SolutionGuid = {0F310F20-F0C4-4B35-81DA-C66D8A8241EC}
	EndGlobalSection
EndGlobal
